{
  "name": "temp-npm-2181471376",
  "lockfileVersion": 3,
  "requires": true,
  "packages": {
    "": {
      "dependencies": {
        "@tanstack/react-query": "^5.74.7"
      }
    },
    "node_modules/@tanstack/query-core": {
      "version": "5.74.7",
      "resolved": "https://registry.npmjs.org/@tanstack/query-core/-/query-core-5.74.7.tgz",
      "integrity": "sha512-X3StkN/Y6KGHndTjJf8H8th7AX4bKfbRpiVhVqevf0QWlxl6DhyJ0TYG3R0LARa/+xqDwzU9mA4pbJxzPCI29A==",
      "license": "MIT",
      "funding": {
        "type": "github",
        "url": "https://github.com/sponsors/tannerlinsley"
      }
    },
    "node_modules/@tanstack/react-query": {
      "version": "5.74.7",
      "resolved": "https://registry.npmjs.org/@tanstack/react-query/-/react-query-5.74.7.tgz",
      "integrity": "sha512-u4o/RIWnnrq26orGZu2NDPwmVof1vtAiiV6KYUXd49GuK+8HX+gyxoAYqIaZogvCE1cqOuZAhQKcrKGYGkrLxg==",
      "license": "MIT",
      "dependencies": {
        "@tanstack/query-core": "5.74.7"
      },
      "funding": {
        "type": "github",
        "url": "https://github.com/sponsors/tannerlinsley"
      },
      "peerDependencies": {
        "react": "^18 || ^19"
      }
    }
  }
}
